
Microsoft Visual Studio Solution File, Format Version 12.00
# Visual Studio Version 16
VisualStudioVersion = 16.0.29001.49
MinimumVisualStudioVersion = 15.0.26124.0
Project("{9A19103F-16F7-4668-BE54-9A1E7A4F7556}") = "send", "send\send.csproj", "{BA4D106B-01A0-4200-A1D9-55FEEE3CEB83}"
EndProject
Project("{9A19103F-16F7-4668-BE54-9A1E7A4F7556}") = "receive", "receive\receive.csproj", "{9467481A-1D69-4EBB-AE8B-5F2E155AAF72}"
EndProject
Global
	GlobalSection(SolutionConfigurationPlatforms) = preSolution
		Debug|Any CPU = Debug|Any CPU
		Debug|x64 = Debug|x64
		Debug|x86 = Debug|x86
		Release|Any CPU = Release|Any CPU
		Release|x64 = Release|x64
		Release|x86 = Release|x86
	EndGlobalSection
	GlobalSection(ProjectConfigurationPlatforms) = postSolution
		{BA4D106B-01A0-4200-A1D9-55FEEE3CEB83}.Debug|Any CPU.ActiveCfg = Debug|Any CPU
		{BA4D106B-01A0-4200-A1D9-55FEEE3CEB83}.Debug|Any CPU.Build.0 = Debug|Any CPU
		{BA4D106B-01A0-4200-A1D9-55FEEE3CEB83}.Debug|x64.ActiveCfg = Debug|Any CPU
		{BA4D106B-01A0-4200-A1D9-55FEEE3CEB83}.Debug|x64.Build.0 = Debug|Any CPU
		{BA4D106B-01A0-4200-A1D9-55FEEE3CEB83}.Debug|x86.ActiveCfg = Debug|Any CPU
		{BA4D106B-01A0-4200-A1D9-55FEEE3CEB83}.Debug|x86.Build.0 = Debug|Any CPU
		{BA4D106B-01A0-4200-A1D9-55FEEE3CEB83}.Release|Any CPU.ActiveCfg = Release|Any CPU
		{BA4D106B-01A0-4200-A1D9-55FEEE3CEB83}.Release|Any CPU.Build.0 = Release|Any CPU
		{BA4D106B-01A0-4200-A1D9-55FEEE3CEB83}.Release|x64.ActiveCfg = Release|Any CPU
		{BA4D106B-01A0-4200-A1D9-55FEEE3CEB83}.Release|x64.Build.0 = Release|Any CPU
		{BA4D106B-01A0-4200-A1D9-55FEEE3CEB83}.Release|x86.ActiveCfg = Release|Any CPU
		{BA4D106B-01A0-4200-A1D9-55FEEE3CEB83}.Release|x86.Build.0 = Release|Any CPU
		{9467481A-1D69-4EBB-AE8B-5F2E155AAF72}.Debug|Any CPU.ActiveCfg = Debug|Any CPU
		{9467481A-1D69-4EBB-AE8B-5F2E155AAF72}.Debug|Any CPU.Build.0 = Debug|Any CPU
		{9467481A-1D69-4EBB-AE8B-5F2E155AAF72}.Debug|x64.ActiveCfg = Debug|Any CPU
		{9467481A-1D69-4EBB-AE8B-5F2E155AAF72}.Debug|x64.Build.0 = Debug|Any CPU
		{9467481A-1D69-4EBB-AE8B-5F2E155AAF72}.Debug|x86.ActiveCfg = Debug|Any CPU
		{9467481A-1D69-4EBB-AE8B-5F2E155AAF72}.Debug|x86.Build.0 = Debug|Any CPU
		{9467481A-1D69-4EBB-AE8B-5F2E155AAF72}.Release|Any CPU.ActiveCfg = Release|Any CPU
		{9467481A-1D69-4EBB-AE8B-5F2E155AAF72}.Release|Any CPU.Build.0 = Release|Any CPU
		{9467481A-1D69-4EBB-AE8B-5F2E155AAF72}.Release|x64.ActiveCfg = Release|Any CPU
		{9467481A-1D69-4EBB-AE8B-5F2E155AAF72}.Release|x64.Build.0 = Release|Any CPU
		{9467481A-1D69-4EBB-AE8B-5F2E155AAF72}.Release|x86.ActiveCfg = Release|Any CPU
		{9467481A-1D69-4EBB-AE8B-5F2E155AAF72}.Release|x86.Build.0 = Release|Any CPU
	EndGlobalSection
	GlobalSection(SolutionProperties) = preSolution
		HideSolutionNode = FALSE
	EndGlobalSection
	GlobalSection(ExtensibilityGlobals) = postSolution
		SolutionGuid = {D7306B25-A281-42C2-961A-1F0BFB3F03C7}
	EndGlobalSection
EndGlobal
