
Microsoft Visual Studio Solution File, Format Version 12.00
# Visual Studio Version 16
VisualStudioVersion = 16.0.29001.49
MinimumVisualStudioVersion = 15.0.26124.0
Project("{FAE04EC0-301F-11D3-BF4B-00C04F79EFBC}") = "EmitLog", "EmitLog\EmitLog.csproj", "{907A0500-8971-4BB9-86DA-39CA3A63F585}"
EndProject
Project("{FAE04EC0-301F-11D3-BF4B-00C04F79EFBC}") = "ReceiveLog", "ReceiveLog\ReceiveLog.csproj", "{D9BBB0C0-E2A4-4588-BC3A-6658DE6D1DD7}"
EndProject
Global
	GlobalSection(SolutionConfigurationPlatforms) = preSolution
		Debug|Any CPU = Debug|Any CPU
		Debug|x64 = Debug|x64
		Debug|x86 = Debug|x86
		Release|Any CPU = Release|Any CPU
		Release|x64 = Release|x64
		Release|x86 = Release|x86
	EndGlobalSection
	GlobalSection(ProjectConfigurationPlatforms) = postSolution
		{907A0500-8971-4BB9-86DA-39CA3A63F585}.Debug|Any CPU.ActiveCfg = Debug|Any CPU
		{907A0500-8971-4BB9-86DA-39CA3A63F585}.Debug|Any CPU.Build.0 = Debug|Any CPU
		{907A0500-8971-4BB9-86DA-39CA3A63F585}.Debug|x64.ActiveCfg = Debug|Any CPU
		{907A0500-8971-4BB9-86DA-39CA3A63F585}.Debug|x64.Build.0 = Debug|Any CPU
		{907A0500-8971-4BB9-86DA-39CA3A63F585}.Debug|x86.ActiveCfg = Debug|Any CPU
		{907A0500-8971-4BB9-86DA-39CA3A63F585}.Debug|x86.Build.0 = Debug|Any CPU
		{907A0500-8971-4BB9-86DA-39CA3A63F585}.Release|Any CPU.ActiveCfg = Release|Any CPU
		{907A0500-8971-4BB9-86DA-39CA3A63F585}.Release|Any CPU.Build.0 = Release|Any CPU
		{907A0500-8971-4BB9-86DA-39CA3A63F585}.Release|x64.ActiveCfg = Release|Any CPU
		{907A0500-8971-4BB9-86DA-39CA3A63F585}.Release|x64.Build.0 = Release|Any CPU
		{907A0500-8971-4BB9-86DA-39CA3A63F585}.Release|x86.ActiveCfg = Release|Any CPU
		{907A0500-8971-4BB9-86DA-39CA3A63F585}.Release|x86.Build.0 = Release|Any CPU
		{D9BBB0C0-E2A4-4588-BC3A-6658DE6D1DD7}.Debug|Any CPU.ActiveCfg = Debug|Any CPU
		{D9BBB0C0-E2A4-4588-BC3A-6658DE6D1DD7}.Debug|Any CPU.Build.0 = Debug|Any CPU
		{D9BBB0C0-E2A4-4588-BC3A-6658DE6D1DD7}.Debug|x64.ActiveCfg = Debug|Any CPU
		{D9BBB0C0-E2A4-4588-BC3A-6658DE6D1DD7}.Debug|x64.Build.0 = Debug|Any CPU
		{D9BBB0C0-E2A4-4588-BC3A-6658DE6D1DD7}.Debug|x86.ActiveCfg = Debug|Any CPU
		{D9BBB0C0-E2A4-4588-BC3A-6658DE6D1DD7}.Debug|x86.Build.0 = Debug|Any CPU
		{D9BBB0C0-E2A4-4588-BC3A-6658DE6D1DD7}.Release|Any CPU.ActiveCfg = Release|Any CPU
		{D9BBB0C0-E2A4-4588-BC3A-6658DE6D1DD7}.Release|Any CPU.Build.0 = Release|Any CPU
		{D9BBB0C0-E2A4-4588-BC3A-6658DE6D1DD7}.Release|x64.ActiveCfg = Release|Any CPU
		{D9BBB0C0-E2A4-4588-BC3A-6658DE6D1DD7}.Release|x64.Build.0 = Release|Any CPU
		{D9BBB0C0-E2A4-4588-BC3A-6658DE6D1DD7}.Release|x86.ActiveCfg = Release|Any CPU
		{D9BBB0C0-E2A4-4588-BC3A-6658DE6D1DD7}.Release|x86.Build.0 = Release|Any CPU
	EndGlobalSection
	GlobalSection(SolutionProperties) = preSolution
		HideSolutionNode = FALSE
	EndGlobalSection
	GlobalSection(ExtensibilityGlobals) = postSolution
		SolutionGuid = {A2499244-12B8-4C00-9B7D-812BA754D609}
	EndGlobalSection
EndGlobal
